
Microsoft Visual Studio Solution File, Format Version 12.00
# Visual Studio 14
VisualStudioVersion = 14.0.25420.1
MinimumVisualStudioVersion = 10.0.40219.1
Project("{F184B08F-C81C-45F6-A57F-5ABD9991F28F}") = "Photon", "Photon\Photon.vbproj", "{8962F780-C817-4B90-A64E-04C05EC7C301}"
EndProject
Project("{2150E333-8FDC-42A3-9474-1A3956D46DE8}") = "Referenced Assemblies", "Referenced Assemblies", "{CF37D6A6-44A0-4512-BA71-D566446DEEDC}"
EndProject
Global
	GlobalSection(SolutionConfigurationPlatforms) = preSolution
		Compile|Any CPU = Compile|Any CPU
		Compile|x86 = Compile|x86
		Debug|Any CPU = Debug|Any CPU
		Debug|x86 = Debug|x86
		Release|Any CPU = Release|Any CPU
		Release|x86 = Release|x86
	EndGlobalSection
	GlobalSection(ProjectConfigurationPlatforms) = postSolution
		{8962F780-C817-4B90-A64E-04C05EC7C301}.Compile|Any CPU.ActiveCfg = Compile|Any CPU
		{8962F780-C817-4B90-A64E-04C05EC7C301}.Compile|Any CPU.Build.0 = Compile|Any CPU
		{8962F780-C817-4B90-A64E-04C05EC7C301}.Compile|x86.ActiveCfg = Compile|Any CPU
		{8962F780-C817-4B90-A64E-04C05EC7C301}.Compile|x86.Build.0 = Compile|Any CPU
		{8962F780-C817-4B90-A64E-04C05EC7C301}.Debug|Any CPU.ActiveCfg = Debug|Any CPU
		{8962F780-C817-4B90-A64E-04C05EC7C301}.Debug|Any CPU.Build.0 = Debug|Any CPU
		{8962F780-C817-4B90-A64E-04C05EC7C301}.Debug|x86.ActiveCfg = Debug|x86
		{8962F780-C817-4B90-A64E-04C05EC7C301}.Debug|x86.Build.0 = Debug|x86
		{8962F780-C817-4B90-A64E-04C05EC7C301}.Release|Any CPU.ActiveCfg = Release|Any CPU
		{8962F780-C817-4B90-A64E-04C05EC7C301}.Release|Any CPU.Build.0 = Release|Any CPU
		{8962F780-C817-4B90-A64E-04C05EC7C301}.Release|x86.ActiveCfg = Release|x86
		{8962F780-C817-4B90-A64E-04C05EC7C301}.Release|x86.Build.0 = Release|x86
	EndGlobalSection
	GlobalSection(SolutionProperties) = preSolution
		HideSolutionNode = FALSE
	EndGlobalSection
EndGlobal
